// !$*UTF8*$!
{
	archiveVersion = 1;
	classes = {
	};
	objectVersion = 56;
	objects = {

/* Begin PBXBuildFile section */
		A018 /* DesignTokens.swift in Sources */ = {isa = PBXBuildFile; fileRef = F019 /* DesignTokens.swift */; };
		A019 /* ContainerStyles.swift in Sources */ = {isa = PBXBuildFile; fileRef = F020 /* ContainerStyles.swift */; };
		0052EAAEDCE5FB32A2E4EE3A /* WeatherDataConversionTests.swift in Sources */ = {isa = PBXBuildFile; fileRef = 2CBC16FB58C9B30EC7CFFF17 /* WeatherDataConversionTests.swift */; };
		46DE3C5CB13766B4D93E885F /* JWTGenerator.swift in Sources */ = {isa = PBXBuildFile; fileRef = 5732AAE5AF24A0F902F5DE4B /* JWTGenerator.swift */; };
		5425EE46FA01DAEFBBDEF611 /* Config.swift in Sources */ = {isa = PBXBuildFile; fileRef = 4250DAE9524671FDD1E61A7F /* Config.swift */; };
		64F9187402A6A3CDAF9F4131 /* RegressionTests.swift in Sources */ = {isa = PBXBuildFile; fileRef = 1ECC8C4B7300E5DA9EC613BB /* RegressionTests.swift */; };
		8FC461C37BB0DD8345B05DD5 /* JWTGeneratorTests.swift in Sources */ = {isa = PBXBuildFile; fileRef = 3C67A48C001E069B5F30A90E /* JWTGeneratorTests.swift */; };
		A001 /* WeatherApp.swift in Sources */ = {isa = PBXBuildFile; fileRef = F001 /* WeatherApp.swift */; };
		A002 /* WeatherModels.swift in Sources */ = {isa = PBXBuildFile; fileRef = F002 /* WeatherModels.swift */; };
		A003 /* WeatherHelpers.swift in Sources */ = {isa = PBXBuildFile; fileRef = F003 /* WeatherHelpers.swift */; };
		A004 /* CityDataService.swift in Sources */ = {isa = PBXBuildFile; fileRef = F004 /* CityDataService.swift */; };
		A005 /* WeatherStore.swift in Sources */ = {isa = PBXBuildFile; fileRef = F005 /* WeatherStore.swift */; };
		A006 /* LocationService.swift in Sources */ = {isa = PBXBuildFile; fileRef = F006 /* LocationService.swift */; };
		A007 /* CityListView.swift in Sources */ = {isa = PBXBuildFile; fileRef = F007 /* CityListView.swift */; };
		A008 /* CityDetailView.swift in Sources */ = {isa = PBXBuildFile; fileRef = F008 /* CityDetailView.swift */; };
		A009 /* SettingsView.swift in Sources */ = {isa = PBXBuildFile; fileRef = F009 /* SettingsView.swift */; };
		A010 /* Assets.xcassets in Resources */ = {isa = PBXBuildFile; fileRef = F010 /* Assets.xcassets */; };
		A011 /* SplashScreenView.swift in Sources */ = {isa = PBXBuildFile; fileRef = F012 /* SplashScreenView.swift */; };
		A012 /* PrivacyInfo.xcprivacy in Resources */ = {isa = PBXBuildFile; fileRef = F013 /* PrivacyInfo.xcprivacy */; };
		A013 /* WeatherBackgroundView.swift in Sources */ = {isa = PBXBuildFile; fileRef = F014 /* WeatherBackgroundView.swift */; };
		A014 /* ImprovedWeatherAnimations.swift in Sources */ = {isa = PBXBuildFile; fileRef = F015 /* ImprovedWeatherAnimations.swift */; };
		A015 /* AlertBannerView.swift in Sources */ = {isa = PBXBuildFile; fileRef = F016 /* AlertBannerView.swift */; };
		A016 /* NotificationManager.swift in Sources */ = {isa = PBXBuildFile; fileRef = F017 /* NotificationManager.swift */; };
		A017 /* BackgroundTaskManager.swift in Sources */ = {isa = PBXBuildFile; fileRef = F018 /* BackgroundTaskManager.swift */; };
		FF26B8BDE7E5855B5848C5A0 /* APITests.swift in Sources */ = {isa = PBXBuildFile; fileRef = 99FFD0A5F4F5075B8502B5E8 /* APITests.swift */; };
		T001 /* WeatherStoreTests.swift in Sources */ = {isa = PBXBuildFile; fileRef = TF001 /* WeatherStoreTests.swift */; };
		T002 /* WeatherModelsTests.swift in Sources */ = {isa = PBXBuildFile; fileRef = TF002 /* WeatherModelsTests.swift */; };
		T003 /* AlertGeneratorTests.swift in Sources */ = {isa = PBXBuildFile; fileRef = TF003 /* AlertGeneratorTests.swift */; };
		A020 /* SectionComponents.swift in Sources */ = {isa = PBXBuildFile; fileRef = F021 /* SectionComponents.swift */; };
/* End PBXBuildFile section */

/* Begin PBXContainerItemProxy section */
		TESTPROXY /* PBXContainerItemProxy */ = {
			isa = PBXContainerItemProxy;
			containerPortal = PROJECT /* Project object */;
			proxyType = 1;
			remoteGlobalIDString = TARGET;
			remoteInfo = WeatherApp;
		};
/* End PBXContainerItemProxy section */

/* Begin PBXFileReference section */
		F019 /* DesignTokens.swift */ = {isa = PBXFileReference; lastKnownFileType = sourcecode.swift; path = DesignTokens.swift; sourceTree = "<group>"; };
		F020 /* ContainerStyles.swift */ = {isa = PBXFileReference; lastKnownFileType = sourcecode.swift; path = ContainerStyles.swift; sourceTree = "<group>"; };
		1ECC8C4B7300E5DA9EC613BB /* RegressionTests.swift */ = {isa = PBXFileReference; includeInIndex = 1; lastKnownFileType = sourcecode.swift; name = RegressionTests.swift; path = SimpleWeatherAppTests/RegressionTests.swift; sourceTree = "<group>"; };
		2CBC16FB58C9B30EC7CFFF17 /* WeatherDataConversionTests.swift */ = {isa = PBXFileReference; includeInIndex = 1; lastKnownFileType = sourcecode.swift; name = WeatherDataConversionTests.swift; path = SimpleWeatherAppTests/WeatherDataConversionTests.swift; sourceTree = "<group>"; };
		3C67A48C001E069B5F30A90E /* JWTGeneratorTests.swift */ = {isa = PBXFileReference; includeInIndex = 1; lastKnownFileType = sourcecode.swift; name = JWTGeneratorTests.swift; path = SimpleWeatherAppTests/JWTGeneratorTests.swift; sourceTree = "<group>"; };
		4250DAE9524671FDD1E61A7F /* Config.swift */ = {isa = PBXFileReference; includeInIndex = 1; lastKnownFileType = sourcecode.swift; name = Config.swift; path = SimpleWeatherApp/Services/Config.swift; sourceTree = "<group>"; };
		5732AAE5AF24A0F902F5DE4B /* JWTGenerator.swift */ = {isa = PBXFileReference; includeInIndex = 1; lastKnownFileType = sourcecode.swift; name = JWTGenerator.swift; path = SimpleWeatherApp/Utils/JWTGenerator.swift; sourceTree = "<group>"; };
		99FFD0A5F4F5075B8502B5E8 /* APITests.swift */ = {isa = PBXFileReference; includeInIndex = 1; lastKnownFileType = sourcecode.swift; name = APITests.swift; path = SimpleWeatherAppTests/APITests.swift; sourceTree = "<group>"; };
		F001 /* WeatherApp.swift */ = {isa = PBXFileReference; lastKnownFileType = sourcecode.swift; path = WeatherApp.swift; sourceTree = "<group>"; };
		F002 /* WeatherModels.swift */ = {isa = PBXFileReference; lastKnownFileType = sourcecode.swift; path = WeatherModels.swift; sourceTree = "<group>"; };
		F003 /* WeatherHelpers.swift */ = {isa = PBXFileReference; lastKnownFileType = sourcecode.swift; path = WeatherHelpers.swift; sourceTree = "<group>"; };
		F004 /* CityDataService.swift */ = {isa = PBXFileReference; lastKnownFileType = sourcecode.swift; path = CityDataService.swift; sourceTree = "<group>"; };
		F005 /* WeatherStore.swift */ = {isa = PBXFileReference; lastKnownFileType = sourcecode.swift; path = WeatherStore.swift; sourceTree = "<group>"; };
		F006 /* LocationService.swift */ = {isa = PBXFileReference; lastKnownFileType = sourcecode.swift; path = LocationService.swift; sourceTree = "<group>"; };
		F007 /* CityListView.swift */ = {isa = PBXFileReference; lastKnownFileType = sourcecode.swift; path = CityListView.swift; sourceTree = "<group>"; };
		F008 /* CityDetailView.swift */ = {isa = PBXFileReference; lastKnownFileType = sourcecode.swift; path = CityDetailView.swift; sourceTree = "<group>"; };
		F009 /* SettingsView.swift */ = {isa = PBXFileReference; lastKnownFileType = sourcecode.swift; path = SettingsView.swift; sourceTree = "<group>"; };
		F010 /* Assets.xcassets */ = {isa = PBXFileReference; lastKnownFileType = folder.assetcatalog; path = Assets.xcassets; sourceTree = "<group>"; };
		F011 /* Info.plist */ = {isa = PBXFileReference; lastKnownFileType = text.plist.xml; path = Info.plist; sourceTree = "<group>"; };
		F012 /* SplashScreenView.swift */ = {isa = PBXFileReference; lastKnownFileType = sourcecode.swift; path = SplashScreenView.swift; sourceTree = "<group>"; };
		F013 /* PrivacyInfo.xcprivacy */ = {isa = PBXFileReference; lastKnownFileType = text.xml; path = PrivacyInfo.xcprivacy; sourceTree = "<group>"; };
		F014 /* WeatherBackgroundView.swift */ = {isa = PBXFileReference; lastKnownFileType = sourcecode.swift; path = WeatherBackgroundView.swift; sourceTree = "<group>"; };
		F015 /* ImprovedWeatherAnimations.swift */ = {isa = PBXFileReference; lastKnownFileType = sourcecode.swift; path = ImprovedWeatherAnimations.swift; sourceTree = "<group>"; };
		F016 /* AlertBannerView.swift */ = {isa = PBXFileReference; lastKnownFileType = sourcecode.swift; path = AlertBannerView.swift; sourceTree = "<group>"; };
		F017 /* NotificationManager.swift */ = {isa = PBXFileReference; lastKnownFileType = sourcecode.swift; path = NotificationManager.swift; sourceTree = "<group>"; };
		F018 /* BackgroundTaskManager.swift */ = {isa = PBXFileReference; lastKnownFileType = sourcecode.swift; path = BackgroundTaskManager.swift; sourceTree = "<group>"; };
		PROD /* WeatherApp.app */ = {isa = PBXFileReference; explicitFileType = wrapper.application; includeInIndex = 0; path = WeatherApp.app; sourceTree = BUILT_PRODUCTS_DIR; };
		TESTPROD /* WeatherAppTests.xctest */ = {isa = PBXFileReference; explicitFileType = wrapper.cfbundle; includeInIndex = 0; path = WeatherAppTests.xctest; sourceTree = BUILT_PRODUCTS_DIR; };
		TF001 /* WeatherStoreTests.swift */ = {isa = PBXFileReference; lastKnownFileType = sourcecode.swift; path = WeatherStoreTests.swift; sourceTree = "<group>"; };
		TF002 /* WeatherModelsTests.swift */ = {isa = PBXFileReference; lastKnownFileType = sourcecode.swift; path = WeatherModelsTests.swift; sourceTree = "<group>"; };
		TF003 /* AlertGeneratorTests.swift */ = {isa = PBXFileReference; lastKnownFileType = sourcecode.swift; path = AlertGeneratorTests.swift; sourceTree = "<group>"; };
		F021 /* SectionComponents.swift */ = {isa = PBXFileReference; lastKnownFileType = sourcecode.swift; path = SectionComponents.swift; sourceTree = "<group>"; };
/* End PBXFileReference section */

/* Begin PBXFrameworksBuildPhase section */
		FWKPHASE /* Frameworks */ = {
			isa = PBXFrameworksBuildPhase;
			buildActionMask = 2147483647;
			files = (
			);
			runOnlyForDeploymentPostprocessing = 0;
		};
		TESTFWKPHASE /* Frameworks */ = {
			isa = PBXFrameworksBuildPhase;
			buildActionMask = 2147483647;
			files = (
			);
			runOnlyForDeploymentPostprocessing = 0;
		};
/* End PBXFrameworksBuildPhase section */

/* Begin PBXGroup section */
		APPGRP /* SimpleWeatherApp */ = {
			isa = PBXGroup;
			children = (
				F001 /* WeatherApp.swift */,
				DESIGNGRP /* Design */,
				MODELGRP /* Models */,
				HELPERGRP /* Helpers */,
				SERVICEGRP /* Services */,
				VIEWGRP /* Views */,
				F010 /* Assets.xcassets */,
				F011 /* Info.plist */,
				F013 /* PrivacyInfo.xcprivacy */,
			);
			path = SimpleWeatherApp;
			sourceTree = "<group>";
		};
		DESIGNGRP /* Design */ = {
			isa = PBXGroup;
			children = (
				F019 /* DesignTokens.swift */,
				F020 /* ContainerStyles.swift */,
			);
			path = Design;
			sourceTree = "<group>";
		};
		HELPERGRP /* Helpers */ = {
			isa = PBXGroup;
			children = (
				F003 /* WeatherHelpers.swift */,
			);
			path = Helpers;
			sourceTree = "<group>";
		};
		MAINGRP = {
			isa = PBXGroup;
			children = (
				APPGRP /* SimpleWeatherApp */,
				TESTGRP /* WeatherAppTests */,
				PRODGRP /* Products */,
				4250DAE9524671FDD1E61A7F /* Config.swift */,
				5732AAE5AF24A0F902F5DE4B /* JWTGenerator.swift */,
				3C67A48C001E069B5F30A90E /* JWTGeneratorTests.swift */,
				2CBC16FB58C9B30EC7CFFF17 /* WeatherDataConversionTests.swift */,
				99FFD0A5F4F5075B8502B5E8 /* APITests.swift */,
				1ECC8C4B7300E5DA9EC613BB /* RegressionTests.swift */,
			);
			sourceTree = "<group>";
		};
		MODELGRP /* Models */ = {
			isa = PBXGroup;
			children = (
				F002 /* WeatherModels.swift */,
			);
			path = Models;
			sourceTree = "<group>";
		};
		PRODGRP /* Products */ = {
			isa = PBXGroup;
			children = (
				PROD /* WeatherApp.app */,
				TESTPROD /* WeatherAppTests.xctest */,
			);
			name = Products;
			sourceTree = "<group>";
		};
		SERVICEGRP /* Services */ = {
			isa = PBXGroup;
			children = (
				F004 /* CityDataService.swift */,
				F005 /* WeatherStore.swift */,
				F006 /* LocationService.swift */,
				F017 /* NotificationManager.swift */,
				F018 /* BackgroundTaskManager.swift */,
			);
			path = Services;
			sourceTree = "<group>";
		};
		COMPONENTGRP /* Components */ = {
			isa = PBXGroup;
			children = (
				F021 /* SectionComponents.swift */,
			);
			path = Components;
			sourceTree = "<group>";
		};
		TESTGRP /* WeatherAppTests */ = {
			isa = PBXGroup;
			children = (
				TF001 /* WeatherStoreTests.swift */,
				TF002 /* WeatherModelsTests.swift */,
				TF003 /* AlertGeneratorTests.swift */,
			);
			path = WeatherAppTests;
			sourceTree = "<group>";
		};
		VIEWGRP /* Views */ = {
			isa = PBXGroup;
			children = (
				COMPONENTGRP /* Components */,
				F007 /* CityListView.swift */,
				F008 /* CityDetailView.swift */,
				F009 /* SettingsView.swift */,
				F012 /* SplashScreenView.swift */,
				F014 /* WeatherBackgroundView.swift */,
				F015 /* ImprovedWeatherAnimations.swift */,
				F016 /* AlertBannerView.swift */,
			);
			path = Views;
			sourceTree = "<group>";
		};
/* End PBXGroup section */

/* Begin PBXNativeTarget section */
		TARGET /* WeatherApp */ = {
			isa = PBXNativeTarget;
			buildConfigurationList = BUILDCFGLIST /* Build configuration list for PBXNativeTarget "WeatherApp" */;
			buildPhases = (
				SRCPHASE /* Sources */,
				FWKPHASE /* Frameworks */,
				RESPHASE /* Resources */,
			);
			buildRules = (
			);
			dependencies = (
			);
			name = WeatherApp;
			productName = WeatherApp;
			productReference = PROD /* WeatherApp.app */;
			productType = "com.apple.product-type.application";
		};
		TESTTARGET /* WeatherAppTests */ = {
			isa = PBXNativeTarget;
			buildConfigurationList = TESTCFGLIST /* Build configuration list for PBXNativeTarget "WeatherAppTests" */;
			buildPhases = (
				TESTSRCPHASE /* Sources */,
				TESTFWKPHASE /* Frameworks */,
			);
			buildRules = (
			);
			dependencies = (
				TESTDEP /* PBXTargetDependency */,
			);
			name = WeatherAppTests;
			productName = WeatherAppTests;
			productReference = TESTPROD /* WeatherAppTests.xctest */;
			productType = "com.apple.product-type.bundle.unit-test";
		};
/* End PBXNativeTarget section */

/* Begin PBXProject section */
		PROJECT /* Project object */ = {
			isa = PBXProject;
			attributes = {
				BuildIndependentTargetsInParallel = 1;
				LastSwiftUpdateCheck = 1600;
				LastUpgradeCheck = 2630;
				TargetAttributes = {
					TARGET = {
						CreatedOnToolsVersion = 16.0;
					};
					TESTTARGET = {
						CreatedOnToolsVersion = 16.0;
						TestTargetID = TARGET;
					};
				};
			};
			buildConfigurationList = PROJCFGLIST /* Build configuration list for PBXProject "SimpleWeatherApp" */;
			compatibilityVersion = "Xcode 14.0";
			developmentRegion = zh_CN;
			hasScannedForEncodings = 0;
			knownRegions = (
				zh_CN,
				en,
				Base,
				"zh-Hans",
			);
			mainGroup = MAINGRP;
			productRefGroup = PRODGRP /* Products */;
			projectDirPath = "";
			projectRoot = "";
			targets = (
				TARGET /* WeatherApp */,
				TESTTARGET /* WeatherAppTests */,
			);
		};
/* End PBXProject section */

/* Begin PBXResourcesBuildPhase section */
		RESPHASE /* Resources */ = {
			isa = PBXResourcesBuildPhase;
			buildActionMask = 2147483647;
			files = (
				A010 /* Assets.xcassets in Resources */,
				A012 /* PrivacyInfo.xcprivacy in Resources */,
			);
			runOnlyForDeploymentPostprocessing = 0;
		};
/* End PBXResourcesBuildPhase section */

/* Begin PBXSourcesBuildPhase section */
		SRCPHASE /* Sources */ = {
			isa = PBXSourcesBuildPhase;
			buildActionMask = 2147483647;
			files = (
				A001 /* WeatherApp.swift in Sources */,
				A002 /* WeatherModels.swift in Sources */,
				A003 /* WeatherHelpers.swift in Sources */,
				A004 /* CityDataService.swift in Sources */,
				A005 /* WeatherStore.swift in Sources */,
				A006 /* LocationService.swift in Sources */,
				A016 /* NotificationManager.swift in Sources */,
				A017 /* BackgroundTaskManager.swift in Sources */,
				A018 /* DesignTokens.swift in Sources */,
				A019 /* ContainerStyles.swift in Sources */,
				A007 /* CityListView.swift in Sources */,
				A008 /* CityDetailView.swift in Sources */,
				A009 /* SettingsView.swift in Sources */,
				A011 /* SplashScreenView.swift in Sources */,
				A013 /* WeatherBackgroundView.swift in Sources */,
				A014 /* ImprovedWeatherAnimations.swift in Sources */,
				A015 /* AlertBannerView.swift in Sources */,
				5425EE46FA01DAEFBBDEF611 /* Config.swift in Sources */,
				A020 /* SectionComponents.swift in Sources */,
				46DE3C5CB13766B4D93E885F /* JWTGenerator.swift in Sources */,
			);
			runOnlyForDeploymentPostprocessing = 0;
		};
		TESTSRCPHASE /* Sources */ = {
			isa = PBXSourcesBuildPhase;
			buildActionMask = 2147483647;
			files = (
				T001 /* WeatherStoreTests.swift in Sources */,
				T002 /* WeatherModelsTests.swift in Sources */,
				T003 /* AlertGeneratorTests.swift in Sources */,
				8FC461C37BB0DD8345B05DD5 /* JWTGeneratorTests.swift in Sources */,
				0052EAAEDCE5FB32A2E4EE3A /* WeatherDataConversionTests.swift in Sources */,
				FF26B8BDE7E5855B5848C5A0 /* APITests.swift in Sources */,
				64F9187402A6A3CDAF9F4131 /* RegressionTests.swift in Sources */,
			);
			runOnlyForDeploymentPostprocessing = 0;
		};
/* End PBXSourcesBuildPhase section */

/* Begin PBXTargetDependency section */
		TESTDEP /* PBXTargetDependency */ = {
			isa = PBXTargetDependency;
			target = TARGET /* WeatherApp */;
			targetProxy = TESTPROXY /* PBXContainerItemProxy */;
		};
/* End PBXTargetDependency section */

/* Begin XCBuildConfiguration section */
		DEBUGCFG /* Debug */ = {
			isa = XCBuildConfiguration;
			buildSettings = {
				ALWAYS_SEARCH_USER_PATHS = NO;
				ASSETCATALOG_COMPILER_GENERATE_SWIFT_ASSET_SYMBOL_EXTENSIONS = YES;
				CLANG_ANALYZER_LOCALIZABILITY_NONLOCALIZED = YES;
				CLANG_ANALYZER_NONNULL = YES;
				CLANG_ANALYZER_NUMBER_OBJECT_CONVERSION = YES_AGGRESSIVE;
				CLANG_CXX_LANGUAGE_STANDARD = "gnu++20";
				CLANG_ENABLE_MODULES = YES;
				CLANG_ENABLE_OBJC_ARC = YES;
				CLANG_ENABLE_OBJC_WEAK = YES;
				CLANG_WARN_BLOCK_CAPTURE_AUTORELEASING = YES;
				CLANG_WARN_BOOL_CONVERSION = YES;
				CLANG_WARN_COMMA = YES;
				CLANG_WARN_CONSTANT_CONVERSION = YES;
				CLANG_WARN_DEPRECATED_OBJC_IMPLEMENTATIONS = YES;
				CLANG_WARN_DIRECT_OBJC_ISA_USAGE = YES_ERROR;
				CLANG_WARN_DOCUMENTATION_COMMENTS = YES;
				CLANG_WARN_EMPTY_BODY = YES;
				CLANG_WARN_ENUM_CONVERSION = YES;
				CLANG_WARN_INFINITE_RECURSION = YES;
				CLANG_WARN_INT_CONVERSION = YES;
				CLANG_WARN_NON_LITERAL_NULL_CONVERSION = YES;
				CLANG_WARN_OBJC_IMPLICIT_RETAIN_SELF = YES;
				CLANG_WARN_OBJC_LITERAL_CONVERSION = YES;
				CLANG_WARN_OBJC_ROOT_CLASS = YES_ERROR;
				CLANG_WARN_QUOTED_INCLUDE_IN_FRAMEWORK_HEADER = YES;
				CLANG_WARN_RANGE_LOOP_ANALYSIS = YES;
				CLANG_WARN_STRICT_PROTOTYPES = YES;
				CLANG_WARN_SUSPICIOUS_MOVE = YES;
				CLANG_WARN_UNGUARDED_AVAILABILITY = YES_AGGRESSIVE;
				CLANG_WARN_UNREACHABLE_CODE = YES;
				CLANG_WARN__DUPLICATE_METHOD_MATCH = YES;
				COPY_PHASE_STRIP = NO;
				DEBUG_INFORMATION_FORMAT = dwarf;
				DEVELOPMENT_TEAM = LHKL9LPNYW;
				ENABLE_STRICT_OBJC_MSGSEND = YES;
				ENABLE_TESTABILITY = YES;
				ENABLE_USER_SCRIPT_SANDBOXING = YES;
				GCC_C_LANGUAGE_STANDARD = gnu17;
				GCC_DYNAMIC_NO_PIC = NO;
				GCC_NO_COMMON_BLOCKS = YES;
				GCC_OPTIMIZATION_LEVEL = 0;
				GCC_PREPROCESSOR_DEFINITIONS = (
					"DEBUG=1",
					"$(inherited)",
				);
				GCC_WARN_64_TO_32_BIT_CONVERSION = YES;
				GCC_WARN_ABOUT_RETURN_TYPE = YES_ERROR;
				GCC_WARN_UNDECLARED_SELECTOR = YES;
				GCC_WARN_UNINITIALIZED_AUTOS = YES_AGGRESSIVE;
				GCC_WARN_UNUSED_FUNCTION = YES;
				GCC_WARN_UNUSED_VARIABLE = YES;
				IPHONEOS_DEPLOYMENT_TARGET = 26.0;
				MTL_ENABLE_DEBUG_INFO = INCLUDE_SOURCE;
				MTL_FAST_MATH = YES;
				ONLY_ACTIVE_ARCH = YES;
				SDKROOT = iphoneos;
				STRING_CATALOG_GENERATE_SYMBOLS = YES;
				SWIFT_ACTIVE_COMPILATION_CONDITIONS = "DEBUG $(inherited)";
				SWIFT_OPTIMIZATION_LEVEL = "-Onone";
			};
			name = Debug;
		};
		RELEASECFG /* Release */ = {
			isa = XCBuildConfiguration;
			buildSettings = {
				ALWAYS_SEARCH_USER_PATHS = NO;
				ASSETCATALOG_COMPILER_GENERATE_SWIFT_ASSET_SYMBOL_EXTENSIONS = YES;
				CLANG_ANALYZER_LOCALIZABILITY_NONLOCALIZED = YES;
				CLANG_ANALYZER_NONNULL = YES;
				CLANG_ANALYZER_NUMBER_OBJECT_CONVERSION = YES_AGGRESSIVE;
				CLANG_CXX_LANGUAGE_STANDARD = "gnu++20";
				CLANG_ENABLE_MODULES = YES;
				CLANG_ENABLE_OBJC_ARC = YES;
				CLANG_ENABLE_OBJC_WEAK = YES;
				CLANG_WARN_BLOCK_CAPTURE_AUTORELEASING = YES;
				CLANG_WARN_BOOL_CONVERSION = YES;
				CLANG_WARN_COMMA = YES;
				CLANG_WARN_CONSTANT_CONVERSION = YES;
				CLANG_WARN_DEPRECATED_OBJC_IMPLEMENTATIONS = YES;
				CLANG_WARN_DIRECT_OBJC_ISA_USAGE = YES_ERROR;
				CLANG_WARN_DOCUMENTATION_COMMENTS = YES;
				CLANG_WARN_EMPTY_BODY = YES;
				CLANG_WARN_ENUM_CONVERSION = YES;
				CLANG_WARN_INFINITE_RECURSION = YES;
				CLANG_WARN_INT_CONVERSION = YES;
				CLANG_WARN_NON_LITERAL_NULL_CONVERSION = YES;
				CLANG_WARN_OBJC_IMPLICIT_RETAIN_SELF = YES;
				CLANG_WARN_OBJC_LITERAL_CONVERSION = YES;
				CLANG_WARN_OBJC_ROOT_CLASS = YES_ERROR;
				CLANG_WARN_QUOTED_INCLUDE_IN_FRAMEWORK_HEADER = YES;
				CLANG_WARN_RANGE_LOOP_ANALYSIS = YES;
				CLANG_WARN_STRICT_PROTOTYPES = YES;
				CLANG_WARN_SUSPICIOUS_MOVE = YES;
				CLANG_WARN_UNGUARDED_AVAILABILITY = YES_AGGRESSIVE;
				CLANG_WARN_UNREACHABLE_CODE = YES;
				CLANG_WARN__DUPLICATE_METHOD_MATCH = YES;
				COPY_PHASE_STRIP = NO;
				DEBUG_INFORMATION_FORMAT = "dwarf-with-dsym";
				DEVELOPMENT_TEAM = LHKL9LPNYW;
				ENABLE_NS_ASSERTIONS = NO;
				ENABLE_STRICT_OBJC_MSGSEND = YES;
				ENABLE_USER_SCRIPT_SANDBOXING = YES;
				GCC_C_LANGUAGE_STANDARD = gnu17;
				GCC_NO_COMMON_BLOCKS = YES;
				GCC_WARN_64_TO_32_BIT_CONVERSION = YES;
				GCC_WARN_ABOUT_RETURN_TYPE = YES_ERROR;
				GCC_WARN_UNDECLARED_SELECTOR = YES;
				GCC_WARN_UNINITIALIZED_AUTOS = YES_AGGRESSIVE;
				GCC_WARN_UNUSED_FUNCTION = YES;
				GCC_WARN_UNUSED_VARIABLE = YES;
				IPHONEOS_DEPLOYMENT_TARGET = 26.0;
				MTL_FAST_MATH = YES;
				SDKROOT = iphoneos;
				STRING_CATALOG_GENERATE_SYMBOLS = YES;
				SWIFT_COMPILATION_MODE = wholemodule;
				VALIDATE_PRODUCT = YES;
			};
			name = Release;
		};
		TARGETDEBUG /* Debug */ = {
			isa = XCBuildConfiguration;
			buildSettings = {
				ASSETCATALOG_COMPILER_APPICON_NAME = AppIcon;
				ASSETCATALOG_COMPILER_GLOBAL_ACCENT_COLOR_NAME = AccentColor;
				CODE_SIGN_STYLE = Automatic;
				CURRENT_PROJECT_VERSION = 1;
				DEVELOPMENT_ASSET_PATHS = "";
				ENABLE_PREVIEWS = YES;
				GENERATE_INFOPLIST_FILE = NO;
				INFOPLIST_FILE = SimpleWeatherApp/Info.plist;
				INFOPLIST_KEY_UIApplicationSceneManifest_Generation = YES;
				INFOPLIST_KEY_UIApplicationSupportsIndirectInputEvents = YES;
				INFOPLIST_KEY_UILaunchScreen_Generation = YES;
				INFOPLIST_KEY_UISupportedInterfaceOrientations_iPad = "UIInterfaceOrientationPortrait UIInterfaceOrientationPortraitUpsideDown UIInterfaceOrientationLandscapeLeft UIInterfaceOrientationLandscapeRight";
				INFOPLIST_KEY_UISupportedInterfaceOrientations_iPhone = "UIInterfaceOrientationPortrait UIInterfaceOrientationLandscapeLeft UIInterfaceOrientationLandscapeRight";
				IPHONEOS_DEPLOYMENT_TARGET = 26.0;
				LD_RUNPATH_SEARCH_PATHS = (
					"$(inherited)",
					"@executable_path/Frameworks",
				);
				MARKETING_VERSION = 1.2.0;
				PRODUCT_BUNDLE_IDENTIFIER = com.lyc.weatherapp.ios;
				PRODUCT_NAME = "$(TARGET_NAME)";
				SWIFT_EMIT_LOC_STRINGS = YES;
				SWIFT_VERSION = 6.0;
				TARGETED_DEVICE_FAMILY = "1,2";
			};
			name = Debug;
		};
		TARGETRELEASE /* Release */ = {
			isa = XCBuildConfiguration;
			buildSettings = {
				ASSETCATALOG_COMPILER_APPICON_NAME = AppIcon;
				ASSETCATALOG_COMPILER_GLOBAL_ACCENT_COLOR_NAME = AccentColor;
				CODE_SIGN_STYLE = Automatic;
				CURRENT_PROJECT_VERSION = 1;
				DEVELOPMENT_ASSET_PATHS = "";
				ENABLE_PREVIEWS = YES;
				GENERATE_INFOPLIST_FILE = NO;
				INFOPLIST_FILE = SimpleWeatherApp/Info.plist;
				INFOPLIST_KEY_UIApplicationSceneManifest_Generation = YES;
				INFOPLIST_KEY_UIApplicationSupportsIndirectInputEvents = YES;
				INFOPLIST_KEY_UILaunchScreen_Generation = YES;
				INFOPLIST_KEY_UISupportedInterfaceOrientations_iPad = "UIInterfaceOrientationPortrait UIInterfaceOrientationPortraitUpsideDown UIInterfaceOrientationLandscapeLeft UIInterfaceOrientationLandscapeRight";
				INFOPLIST_KEY_UISupportedInterfaceOrientations_iPhone = "UIInterfaceOrientationPortrait UIInterfaceOrientationLandscapeLeft UIInterfaceOrientationLandscapeRight";
				IPHONEOS_DEPLOYMENT_TARGET = 26.0;
				LD_RUNPATH_SEARCH_PATHS = (
					"$(inherited)",
					"@executable_path/Frameworks",
				);
				MARKETING_VERSION = 1.2.0;
				PRODUCT_BUNDLE_IDENTIFIER = com.lyc.weatherapp.ios;
				PRODUCT_NAME = "$(TARGET_NAME)";
				SWIFT_EMIT_LOC_STRINGS = YES;
				SWIFT_VERSION = 6.0;
				TARGETED_DEVICE_FAMILY = "1,2";
			};
			name = Release;
		};
		TESTTARGETDEBUG /* Debug */ = {
			isa = XCBuildConfiguration;
			buildSettings = {
				BUNDLE_LOADER = "$(TEST_HOST)";
				CODE_SIGN_STYLE = Automatic;
				CURRENT_PROJECT_VERSION = 1;
				ENABLE_TESTABILITY = YES;
				GENERATE_INFOPLIST_FILE = YES;
				IPHONEOS_DEPLOYMENT_TARGET = 26.0;
				MARKETING_VERSION = 1.2.0;
				PRODUCT_BUNDLE_IDENTIFIER = com.lyc.weatherapp.ios.tests;
				PRODUCT_NAME = "$(TARGET_NAME)";
				SDKROOT = iphoneos;
				SWIFT_EMIT_LOC_STRINGS = NO;
				SWIFT_VERSION = 6.0;
				TEST_HOST = "$(BUILT_PRODUCTS_DIR)/WeatherApp.app/$(BUNDLE_EXECUTABLE_FOLDER_PATH)/WeatherApp";
			};
			name = Debug;
		};
		TESTTARGETRELEASE /* Release */ = {
			isa = XCBuildConfiguration;
			buildSettings = {
				BUNDLE_LOADER = "$(TEST_HOST)";
				CODE_SIGN_STYLE = Automatic;
				CURRENT_PROJECT_VERSION = 1;
				GENERATE_INFOPLIST_FILE = YES;
				IPHONEOS_DEPLOYMENT_TARGET = 26.0;
				MARKETING_VERSION = 1.2.0;
				PRODUCT_BUNDLE_IDENTIFIER = com.lyc.weatherapp.ios.tests;
				PRODUCT_NAME = "$(TARGET_NAME)";
				SDKROOT = iphoneos;
				SWIFT_EMIT_LOC_STRINGS = NO;
				SWIFT_VERSION = 6.0;
				TEST_HOST = "$(BUILT_PRODUCTS_DIR)/WeatherApp.app/$(BUNDLE_EXECUTABLE_FOLDER_PATH)/WeatherApp";
			};
			name = Release;
		};
/* End XCBuildConfiguration section */

/* Begin XCConfigurationList section */
		BUILDCFGLIST /* Build configuration list for PBXNativeTarget "WeatherApp" */ = {
			isa = XCConfigurationList;
			buildConfigurations = (
				TARGETDEBUG /* Debug */,
				TARGETRELEASE /* Release */,
			);
			defaultConfigurationIsVisible = 0;
			defaultConfigurationName = Release;
		};
		PROJCFGLIST /* Build configuration list for PBXProject "SimpleWeatherApp" */ = {
			isa = XCConfigurationList;
			buildConfigurations = (
				DEBUGCFG /* Debug */,
				RELEASECFG /* Release */,
			);
			defaultConfigurationIsVisible = 0;
			defaultConfigurationName = Release;
		};
		TESTCFGLIST /* Build configuration list for PBXNativeTarget "WeatherAppTests" */ = {
			isa = XCConfigurationList;
			buildConfigurations = (
				TESTTARGETDEBUG /* Debug */,
				TESTTARGETRELEASE /* Release */,
			);
			defaultConfigurationIsVisible = 0;
			defaultConfigurationName = Release;
		};
/* End XCConfigurationList section */
	};
	rootObject = PROJECT /* Project object */;
}
